
Microsoft Visual Studio Solution File, Format Version 12.00
# Visual Studio Version 17
VisualStudioVersion = 17.6.33723.286
MinimumVisualStudioVersion = 10.0.40219.1
Project("{FAE04EC0-301F-11D3-BF4B-00C04F79EFBC}") = "Sirano", "Sirano\Sirano.csproj", "{1E5DD308-C33D-4431-9971-369E328ABB48}"
EndProject
Global
	GlobalSection(SolutionConfigurationPlatforms) = preSolution
		Debug|Any CPU = Debug|Any CPU
		Release|Any CPU = Release|Any CPU
	EndGlobalSection
	GlobalSection(ProjectConfigurationPlatforms) = postSolution
		{1E5DD308-C33D-4431-9971-369E328ABB48}.Debug|Any CPU.ActiveCfg = Debug|Any CPU
		{1E5DD308-C33D-4431-9971-369E328ABB48}.Debug|Any CPU.Build.0 = Debug|Any CPU
		{1E5DD308-C33D-4431-9971-369E328ABB48}.Release|Any CPU.ActiveCfg = Release|Any CPU
		{1E5DD308-C33D-4431-9971-369E328ABB48}.Release|Any CPU.Build.0 = Release|Any CPU
	EndGlobalSection
	GlobalSection(SolutionProperties) = preSolution
		HideSolutionNode = FALSE
	EndGlobalSection
	GlobalSection(ExtensibilityGlobals) = postSolution
		SolutionGuid = {7DF44F59-71DB-4720-B454-AB60590C9485}
	EndGlobalSection
EndGlobal
